
Microsoft Visual Studio Solution File, Format Version 12.00
# Visual Studio Version 16
VisualStudioVersion = 16.0.29209.62
MinimumVisualStudioVersion = 10.0.40219.1
Project("{FAE04EC0-301F-11D3-BF4B-00C04F79EFBC}") = "FirefoxPrivateVPNUITest", "FirefoxPrivateVPNUITest\FirefoxPrivateVPNUITest.csproj", "{716E361C-5621-4CD1-915E-05A7AE769CB0}"
EndProject
Global
	GlobalSection(SolutionConfigurationPlatforms) = preSolution
		Debug|Any CPU = Debug|Any CPU
		Release|Any CPU = Release|Any CPU
	EndGlobalSection
	GlobalSection(ProjectConfigurationPlatforms) = postSolution
		{716E361C-5621-4CD1-915E-05A7AE769CB0}.Debug|Any CPU.ActiveCfg = Debug|Any CPU
		{716E361C-5621-4CD1-915E-05A7AE769CB0}.Debug|Any CPU.Build.0 = Debug|Any CPU
		{716E361C-5621-4CD1-915E-05A7AE769CB0}.Release|Any CPU.ActiveCfg = Release|Any CPU
		{716E361C-5621-4CD1-915E-05A7AE769CB0}.Release|Any CPU.Build.0 = Release|Any CPU
	EndGlobalSection
	GlobalSection(SolutionProperties) = preSolution
		HideSolutionNode = FALSE
	EndGlobalSection
	GlobalSection(ExtensibilityGlobals) = postSolution
		SolutionGuid = {CA49EBD9-5743-4043-A4E9-3D752BD77E6E}
	EndGlobalSection
EndGlobal
