{
  "requires": true,
  "lockfileVersion": 1,
  "dependencies": {
    "circle-github-bot": {
      "version": "2.0.1",
      "resolved": "https://registry.npmjs.org/circle-github-bot/-/circle-github-bot-2.0.1.tgz",
      "integrity": "sha512-uTEX8RIjUVdvtILxEG3AXI2G9X0wZYrN/Y67IIvrosjM/nt/QBdogpDXbkVsNQmhmQYqqFguWUgt50z6UMIoXw=="
    }
  }
}
